{
  "name": "hades-os-monorepo",
  "version": "1.0.0",
  "lockfileVersion": 3,
  "requires": true,
  "packages": {
    "": {
      "name": "hades-os-monorepo",
      "version": "1.0.0",
      "license": "ISC",
      "dependencies": {
        "@pukujan/create-modular-monolith": "^2.6.5"
      }
    },
    "node_modules/@pukujan/create-modular-monolith": {
      "version": "2.6.5",
      "resolved": "https://registry.npmjs.org/@pukujan/create-modular-monolith/-/create-modular-monolith-2.6.5.tgz",
      "integrity": "sha512-q1RAJmhsv90XOEPzJnucdPlIOsCyWTbcAqzo3/H9nXrO8HtfmkZd0z7DIu/EtFtqmtkMCWNUC3oglb9b25q6kA==",
      "hasInstallScript": true,
      "license": "MIT",
      "bin": {
        "create-modular-monolith": "index.js"
      },
      "engines": {
        "node": ">=20"
      }
    }
  }
}
